
Microsoft Visual Studio Solution File, Format Version 12.00
# Visual Studio Express 2013 for Windows Desktop
VisualStudioVersion = 12.0.21005.1
MinimumVisualStudioVersion = 10.0.40219.1
Project("{FAE04EC0-301F-11D3-BF4B-00C04F79EFBC}") = "lab1_sum_of_1000", "lab1_sum_of_1000\lab1_sum_of_1000.csproj", "{D9705E5F-866A-493B-8894-06A8F122F50D}"
EndProject
Project("{FAE04EC0-301F-11D3-BF4B-00C04F79EFBC}") = "lab2_square_equation", "lab2_square_equation\lab2_square_equation.csproj", "{36B4AC46-D1AE-418B-84A6-740EE6E69D70}"
EndProject
Project("{FAE04EC0-301F-11D3-BF4B-00C04F79EFBC}") = "lab3_reverse_Array", "lab3_reverse_Array\lab3_reverse_Array.csproj", "{3CA12CC0-B396-4B72-94E5-B1CB9E6E6B77}"
EndProject
Project("{FAE04EC0-301F-11D3-BF4B-00C04F79EFBC}") = "lab4_transform_values", "lab4_transform_values\lab4_transform_values.csproj", "{270E91D2-C180-4F2B-A6A0-5EF3526BF3A9}"
EndProject
Project("{FAE04EC0-301F-11D3-BF4B-00C04F79EFBC}") = "lab5_read_update_file", "lab5_read_update_file\lab5_read_update_file.csproj", "{548E7D49-9988-4E70-821C-843E748CDE50}"
EndProject
Project("{FAE04EC0-301F-11D3-BF4B-00C04F79EFBC}") = "lab6_parse_url", "lab6_parse_url\lab6_parse_url.csproj", "{02B7905E-7F47-414C-A7ED-95F27D2E4290}"
EndProject
Project("{FAE04EC0-301F-11D3-BF4B-00C04F79EFBC}") = "lab7_print_lastdate", "lab7_print_lastdate\lab7_print_lastdate.csproj", "{F4F7F651-112B-4324-A032-0A5A3359C232}"
EndProject
Project("{FAE04EC0-301F-11D3-BF4B-00C04F79EFBC}") = "Lections", "..\Lection3\Lections.csproj", "{BA6169E4-9F72-4271-841F-4E6423D662B3}"
EndProject
Project("{FAE04EC0-301F-11D3-BF4B-00C04F79EFBC}") = "lab8_sort_dates_in_file", "lab8_sort_dates_in_file\lab8_sort_dates_in_file.csproj", "{58648293-1A8E-409A-A53D-0A82D7E5A69A}"
EndProject
Project("{FAE04EC0-301F-11D3-BF4B-00C04F79EFBC}") = "lab9_parse_file_dictionary", "lab9_parse_file_dictionary\lab9_parse_file_dictionary.csproj", "{39F622B4-330D-4C8B-A891-A51CADFC91D7}"
EndProject
Global
	GlobalSection(SolutionConfigurationPlatforms) = preSolution
		Debug|Any CPU = Debug|Any CPU
		Release|Any CPU = Release|Any CPU
	EndGlobalSection
	GlobalSection(ProjectConfigurationPlatforms) = postSolution
		{D9705E5F-866A-493B-8894-06A8F122F50D}.Debug|Any CPU.ActiveCfg = Debug|Any CPU
		{D9705E5F-866A-493B-8894-06A8F122F50D}.Debug|Any CPU.Build.0 = Debug|Any CPU
		{D9705E5F-866A-493B-8894-06A8F122F50D}.Release|Any CPU.ActiveCfg = Release|Any CPU
		{D9705E5F-866A-493B-8894-06A8F122F50D}.Release|Any CPU.Build.0 = Release|Any CPU
		{36B4AC46-D1AE-418B-84A6-740EE6E69D70}.Debug|Any CPU.ActiveCfg = Debug|Any CPU
		{36B4AC46-D1AE-418B-84A6-740EE6E69D70}.Debug|Any CPU.Build.0 = Debug|Any CPU
		{36B4AC46-D1AE-418B-84A6-740EE6E69D70}.Release|Any CPU.ActiveCfg = Release|Any CPU
		{36B4AC46-D1AE-418B-84A6-740EE6E69D70}.Release|Any CPU.Build.0 = Release|Any CPU
		{3CA12CC0-B396-4B72-94E5-B1CB9E6E6B77}.Debug|Any CPU.ActiveCfg = Debug|Any CPU
		{3CA12CC0-B396-4B72-94E5-B1CB9E6E6B77}.Debug|Any CPU.Build.0 = Debug|Any CPU
		{3CA12CC0-B396-4B72-94E5-B1CB9E6E6B77}.Release|Any CPU.ActiveCfg = Release|Any CPU
		{3CA12CC0-B396-4B72-94E5-B1CB9E6E6B77}.Release|Any CPU.Build.0 = Release|Any CPU
		{270E91D2-C180-4F2B-A6A0-5EF3526BF3A9}.Debug|Any CPU.ActiveCfg = Debug|Any CPU
		{270E91D2-C180-4F2B-A6A0-5EF3526BF3A9}.Debug|Any CPU.Build.0 = Debug|Any CPU
		{270E91D2-C180-4F2B-A6A0-5EF3526BF3A9}.Release|Any CPU.ActiveCfg = Release|Any CPU
		{270E91D2-C180-4F2B-A6A0-5EF3526BF3A9}.Release|Any CPU.Build.0 = Release|Any CPU
		{548E7D49-9988-4E70-821C-843E748CDE50}.Debug|Any CPU.ActiveCfg = Debug|Any CPU
		{548E7D49-9988-4E70-821C-843E748CDE50}.Debug|Any CPU.Build.0 = Debug|Any CPU
		{548E7D49-9988-4E70-821C-843E748CDE50}.Release|Any CPU.ActiveCfg = Release|Any CPU
		{548E7D49-9988-4E70-821C-843E748CDE50}.Release|Any CPU.Build.0 = Release|Any CPU
		{02B7905E-7F47-414C-A7ED-95F27D2E4290}.Debug|Any CPU.ActiveCfg = Debug|Any CPU
		{02B7905E-7F47-414C-A7ED-95F27D2E4290}.Debug|Any CPU.Build.0 = Debug|Any CPU
		{02B7905E-7F47-414C-A7ED-95F27D2E4290}.Release|Any CPU.ActiveCfg = Release|Any CPU
		{02B7905E-7F47-414C-A7ED-95F27D2E4290}.Release|Any CPU.Build.0 = Release|Any CPU
		{F4F7F651-112B-4324-A032-0A5A3359C232}.Debug|Any CPU.ActiveCfg = Debug|Any CPU
		{F4F7F651-112B-4324-A032-0A5A3359C232}.Debug|Any CPU.Build.0 = Debug|Any CPU
		{F4F7F651-112B-4324-A032-0A5A3359C232}.Release|Any CPU.ActiveCfg = Release|Any CPU
		{F4F7F651-112B-4324-A032-0A5A3359C232}.Release|Any CPU.Build.0 = Release|Any CPU
		{BA6169E4-9F72-4271-841F-4E6423D662B3}.Debug|Any CPU.ActiveCfg = Debug|Any CPU
		{BA6169E4-9F72-4271-841F-4E6423D662B3}.Debug|Any CPU.Build.0 = Debug|Any CPU
		{BA6169E4-9F72-4271-841F-4E6423D662B3}.Release|Any CPU.ActiveCfg = Release|Any CPU
		{BA6169E4-9F72-4271-841F-4E6423D662B3}.Release|Any CPU.Build.0 = Release|Any CPU
		{58648293-1A8E-409A-A53D-0A82D7E5A69A}.Debug|Any CPU.ActiveCfg = Debug|Any CPU
		{58648293-1A8E-409A-A53D-0A82D7E5A69A}.Debug|Any CPU.Build.0 = Debug|Any CPU
		{58648293-1A8E-409A-A53D-0A82D7E5A69A}.Release|Any CPU.ActiveCfg = Release|Any CPU
		{58648293-1A8E-409A-A53D-0A82D7E5A69A}.Release|Any CPU.Build.0 = Release|Any CPU
		{39F622B4-330D-4C8B-A891-A51CADFC91D7}.Debug|Any CPU.ActiveCfg = Debug|Any CPU
		{39F622B4-330D-4C8B-A891-A51CADFC91D7}.Debug|Any CPU.Build.0 = Debug|Any CPU
		{39F622B4-330D-4C8B-A891-A51CADFC91D7}.Release|Any CPU.ActiveCfg = Release|Any CPU
		{39F622B4-330D-4C8B-A891-A51CADFC91D7}.Release|Any CPU.Build.0 = Release|Any CPU
	EndGlobalSection
	GlobalSection(SolutionProperties) = preSolution
		HideSolutionNode = FALSE
	EndGlobalSection
EndGlobal
