
Microsoft Visual Studio Solution File, Format Version 12.00
# Visual Studio Express 2013 for Windows Desktop
VisualStudioVersion = 12.0.21005.1
MinimumVisualStudioVersion = 10.0.40219.1
Project("{FAE04EC0-301F-11D3-BF4B-00C04F79EFBC}") = "lab8_sort_dates_in_file", "lab8_sort_dates_in_file.csproj", "{58648293-1A8E-409A-A53D-0A82D7E5A69A}"
EndProject
Global
	GlobalSection(SolutionConfigurationPlatforms) = preSolution
		Debug|Any CPU = Debug|Any CPU
		Release|Any CPU = Release|Any CPU
	EndGlobalSection
	GlobalSection(ProjectConfigurationPlatforms) = postSolution
		{58648293-1A8E-409A-A53D-0A82D7E5A69A}.Debug|Any CPU.ActiveCfg = Debug|Any CPU
		{58648293-1A8E-409A-A53D-0A82D7E5A69A}.Debug|Any CPU.Build.0 = Debug|Any CPU
		{58648293-1A8E-409A-A53D-0A82D7E5A69A}.Release|Any CPU.ActiveCfg = Release|Any CPU
		{58648293-1A8E-409A-A53D-0A82D7E5A69A}.Release|Any CPU.Build.0 = Release|Any CPU
	EndGlobalSection
	GlobalSection(SolutionProperties) = preSolution
		HideSolutionNode = FALSE
	EndGlobalSection
EndGlobal
